
Microsoft Visual Studio Solution File, Format Version 12.00
# Visual Studio Version 16
VisualStudioVersion = 16.0.31005.135
MinimumVisualStudioVersion = 10.0.40219.1
Project("{FAE04EC0-301F-11D3-BF4B-00C04F79EFBC}") = "İngilizce Kelime", "IngilizceKelime\İngilizce Kelime.csproj", "{1F79228D-B255-4691-A4F4-CF0F5614F5B7}"
EndProject
Global
	GlobalSection(SolutionConfigurationPlatforms) = preSolution
		Debug|Any CPU = Debug|Any CPU
		Release|Any CPU = Release|Any CPU
	EndGlobalSection
	GlobalSection(ProjectConfigurationPlatforms) = postSolution
		{1F79228D-B255-4691-A4F4-CF0F5614F5B7}.Debug|Any CPU.ActiveCfg = Debug|Any CPU
		{1F79228D-B255-4691-A4F4-CF0F5614F5B7}.Debug|Any CPU.Build.0 = Debug|Any CPU
		{1F79228D-B255-4691-A4F4-CF0F5614F5B7}.Release|Any CPU.ActiveCfg = Release|Any CPU
		{1F79228D-B255-4691-A4F4-CF0F5614F5B7}.Release|Any CPU.Build.0 = Release|Any CPU
	EndGlobalSection
	GlobalSection(SolutionProperties) = preSolution
		HideSolutionNode = FALSE
	EndGlobalSection
	GlobalSection(ExtensibilityGlobals) = postSolution
		SolutionGuid = {3F92A21D-4F25-43B5-9BA5-B32F56872016}
	EndGlobalSection
EndGlobal
